
Microsoft Visual Studio Solution File, Format Version 12.00
# Visual Studio Version 16
VisualStudioVersion = 16.0.31515.178
MinimumVisualStudioVersion = 10.0.40219.1
Project("{9A19103F-16F7-4668-BE54-9A1E7A4F7556}") = "net-ffmpeg-bridge", "net-ffmpeg-bridge.csproj", "{D878C42B-F63B-4372-925E-C6B1A954B6D5}"
EndProject
Global
	GlobalSection(SolutionConfigurationPlatforms) = preSolution
		Debug|Any CPU = Debug|Any CPU
		Release|Any CPU = Release|Any CPU
	EndGlobalSection
	GlobalSection(ProjectConfigurationPlatforms) = postSolution
		{D878C42B-F63B-4372-925E-C6B1A954B6D5}.Debug|Any CPU.ActiveCfg = Debug|Any CPU
		{D878C42B-F63B-4372-925E-C6B1A954B6D5}.Debug|Any CPU.Build.0 = Debug|Any CPU
		{D878C42B-F63B-4372-925E-C6B1A954B6D5}.Release|Any CPU.ActiveCfg = Release|Any CPU
		{D878C42B-F63B-4372-925E-C6B1A954B6D5}.Release|Any CPU.Build.0 = Release|Any CPU
	EndGlobalSection
	GlobalSection(SolutionProperties) = preSolution
		HideSolutionNode = FALSE
	EndGlobalSection
	GlobalSection(ExtensibilityGlobals) = postSolution
		SolutionGuid = {78042489-07CC-4AF0-85CC-C6ED58AB9E78}
	EndGlobalSection
EndGlobal
